// !$*UTF8*$!
{
	archiveVersion = 1;
	classes = {
	};
	objectVersion = 46;
	objects = {

/* Begin PBXBuildFile section */
		F4F829101D80E29F005BC254 /* AppDelegate.swift in Sources */ = {isa = PBXBuildFile; fileRef = F4F8290F1D80E29F005BC254 /* AppDelegate.swift */; };
		F4F829121D80E29F005BC254 /* ViewController.swift in Sources */ = {isa = PBXBuildFile; fileRef = F4F829111D80E29F005BC254 /* ViewController.swift */; };
		F4F829151D80E29F005BC254 /* Main.storyboard in Resources */ = {isa = PBXBuildFile; fileRef = F4F829131D80E29F005BC254 /* Main.storyboard */; };
		F4F829171D80E29F005BC254 /* Assets.xcassets in Resources */ = {isa = PBXBuildFile; fileRef = F4F829161D80E29F005BC254 /* Assets.xcassets */; };
		F4F8291A1D80E29F005BC254 /* LaunchScreen.storyboard in Resources */ = {isa = PBXBuildFile; fileRef = F4F829181D80E29F005BC254 /* LaunchScreen.storyboard */; };
		F4F829251D80E29F005BC254 /* i_rw_tableTests.swift in Sources */ = {isa = PBXBuildFile; fileRef = F4F829241D80E29F005BC254 /* i_rw_tableTests.swift */; };
		F4F829301D80E29F005BC254 /* i_rw_tableUITests.swift in Sources */ = {isa = PBXBuildFile; fileRef = F4F8292F1D80E29F005BC254 /* i_rw_tableUITests.swift */; };
		F4F8293E1D80E408005BC254 /* Icons in Resources */ = {isa = PBXBuildFile; fileRef = F4F8293D1D80E408005BC254 /* Icons */; };
		F4F829401D80E466005BC254 /* Images in Resources */ = {isa = PBXBuildFile; fileRef = F4F8293F1D80E466005BC254 /* Images */; };
		F4F829421D80E521005BC254 /* Model in Resources */ = {isa = PBXBuildFile; fileRef = F4F829411D80E521005BC254 /* Model */; };
/* End PBXBuildFile section */

/* Begin PBXContainerItemProxy section */
		F4F829211D80E29F005BC254 /* PBXContainerItemProxy */ = {
			isa = PBXContainerItemProxy;
			containerPortal = F4F829041D80E29F005BC254 /* Project object */;
			proxyType = 1;
			remoteGlobalIDString = F4F8290B1D80E29F005BC254;
			remoteInfo = "i-rw-table";
		};
		F4F8292C1D80E29F005BC254 /* PBXContainerItemProxy */ = {
			isa = PBXContainerItemProxy;
			containerPortal = F4F829041D80E29F005BC254 /* Project object */;
			proxyType = 1;
			remoteGlobalIDString = F4F8290B1D80E29F005BC254;
			remoteInfo = "i-rw-table";
		};
/* End PBXContainerItemProxy section */

/* Begin PBXFileReference section */
		F4F8290C1D80E29F005BC254 /* i-rw-table.app */ = {isa = PBXFileReference; explicitFileType = wrapper.application; includeInIndex = 0; path = "i-rw-table.app"; sourceTree = BUILT_PRODUCTS_DIR; };
		F4F8290F1D80E29F005BC254 /* AppDelegate.swift */ = {isa = PBXFileReference; lastKnownFileType = sourcecode.swift; path = AppDelegate.swift; sourceTree = "<group>"; };
		F4F829111D80E29F005BC254 /* ViewController.swift */ = {isa = PBXFileReference; lastKnownFileType = sourcecode.swift; path = ViewController.swift; sourceTree = "<group>"; };
		F4F829141D80E29F005BC254 /* Base */ = {isa = PBXFileReference; lastKnownFileType = file.storyboard; name = Base; path = Base.lproj/Main.storyboard; sourceTree = "<group>"; };
		F4F829161D80E29F005BC254 /* Assets.xcassets */ = {isa = PBXFileReference; lastKnownFileType = folder.assetcatalog; path = Assets.xcassets; sourceTree = "<group>"; };
		F4F829191D80E29F005BC254 /* Base */ = {isa = PBXFileReference; lastKnownFileType = file.storyboard; name = Base; path = Base.lproj/LaunchScreen.storyboard; sourceTree = "<group>"; };
		F4F8291B1D80E29F005BC254 /* Info.plist */ = {isa = PBXFileReference; lastKnownFileType = text.plist.xml; path = Info.plist; sourceTree = "<group>"; };
		F4F829201D80E29F005BC254 /* i-rw-tableTests.xctest */ = {isa = PBXFileReference; explicitFileType = wrapper.cfbundle; includeInIndex = 0; path = "i-rw-tableTests.xctest"; sourceTree = BUILT_PRODUCTS_DIR; };
		F4F829241D80E29F005BC254 /* i_rw_tableTests.swift */ = {isa = PBXFileReference; lastKnownFileType = sourcecode.swift; path = i_rw_tableTests.swift; sourceTree = "<group>"; };
		F4F829261D80E29F005BC254 /* Info.plist */ = {isa = PBXFileReference; lastKnownFileType = text.plist.xml; path = Info.plist; sourceTree = "<group>"; };
		F4F8292B1D80E29F005BC254 /* i-rw-tableUITests.xctest */ = {isa = PBXFileReference; explicitFileType = wrapper.cfbundle; includeInIndex = 0; path = "i-rw-tableUITests.xctest"; sourceTree = BUILT_PRODUCTS_DIR; };
		F4F8292F1D80E29F005BC254 /* i_rw_tableUITests.swift */ = {isa = PBXFileReference; lastKnownFileType = sourcecode.swift; path = i_rw_tableUITests.swift; sourceTree = "<group>"; };
		F4F829311D80E29F005BC254 /* Info.plist */ = {isa = PBXFileReference; lastKnownFileType = text.plist.xml; path = Info.plist; sourceTree = "<group>"; };
		F4F8293D1D80E408005BC254 /* Icons */ = {isa = PBXFileReference; lastKnownFileType = folder; path = Icons; sourceTree = "<group>"; };
		F4F8293F1D80E466005BC254 /* Images */ = {isa = PBXFileReference; lastKnownFileType = folder; path = Images; sourceTree = "<group>"; };
		F4F829411D80E521005BC254 /* Model */ = {isa = PBXFileReference; lastKnownFileType = folder; path = Model; sourceTree = "<group>"; };
/* End PBXFileReference section */

/* Begin PBXFrameworksBuildPhase section */
		F4F829091D80E29F005BC254 /* Frameworks */ = {
			isa = PBXFrameworksBuildPhase;
			buildActionMask = 2147483647;
			files = (
			);
			runOnlyForDeploymentPostprocessing = 0;
		};
		F4F8291D1D80E29F005BC254 /* Frameworks */ = {
			isa = PBXFrameworksBuildPhase;
			buildActionMask = 2147483647;
			files = (
			);
			runOnlyForDeploymentPostprocessing = 0;
		};
		F4F829281D80E29F005BC254 /* Frameworks */ = {
			isa = PBXFrameworksBuildPhase;
			buildActionMask = 2147483647;
			files = (
			);
			runOnlyForDeploymentPostprocessing = 0;
		};
/* End PBXFrameworksBuildPhase section */

/* Begin PBXGroup section */
		F4F829031D80E29F005BC254 = {
			isa = PBXGroup;
			children = (
				F4F8290E1D80E29F005BC254 /* i-rw-table */,
				F4F829231D80E29F005BC254 /* i-rw-tableTests */,
				F4F8292E1D80E29F005BC254 /* i-rw-tableUITests */,
				F4F8290D1D80E29F005BC254 /* Products */,
			);
			sourceTree = "<group>";
		};
		F4F8290D1D80E29F005BC254 /* Products */ = {
			isa = PBXGroup;
			children = (
				F4F8290C1D80E29F005BC254 /* i-rw-table.app */,
				F4F829201D80E29F005BC254 /* i-rw-tableTests.xctest */,
				F4F8292B1D80E29F005BC254 /* i-rw-tableUITests.xctest */,
			);
			name = Products;
			sourceTree = "<group>";
		};
		F4F8290E1D80E29F005BC254 /* i-rw-table */ = {
			isa = PBXGroup;
			children = (
				F4F829411D80E521005BC254 /* Model */,
				F4F8293F1D80E466005BC254 /* Images */,
				F4F8293D1D80E408005BC254 /* Icons */,
				F4F8290F1D80E29F005BC254 /* AppDelegate.swift */,
				F4F829111D80E29F005BC254 /* ViewController.swift */,
				F4F829131D80E29F005BC254 /* Main.storyboard */,
				F4F829161D80E29F005BC254 /* Assets.xcassets */,
				F4F829181D80E29F005BC254 /* LaunchScreen.storyboard */,
				F4F8291B1D80E29F005BC254 /* Info.plist */,
			);
			path = "i-rw-table";
			sourceTree = "<group>";
		};
		F4F829231D80E29F005BC254 /* i-rw-tableTests */ = {
			isa = PBXGroup;
			children = (
				F4F829241D80E29F005BC254 /* i_rw_tableTests.swift */,
				F4F829261D80E29F005BC254 /* Info.plist */,
			);
			path = "i-rw-tableTests";
			sourceTree = "<group>";
		};
		F4F8292E1D80E29F005BC254 /* i-rw-tableUITests */ = {
			isa = PBXGroup;
			children = (
				F4F8292F1D80E29F005BC254 /* i_rw_tableUITests.swift */,
				F4F829311D80E29F005BC254 /* Info.plist */,
			);
			path = "i-rw-tableUITests";
			sourceTree = "<group>";
		};
/* End PBXGroup section */

/* Begin PBXNativeTarget section */
		F4F8290B1D80E29F005BC254 /* i-rw-table */ = {
			isa = PBXNativeTarget;
			buildConfigurationList = F4F829341D80E29F005BC254 /* Build configuration list for PBXNativeTarget "i-rw-table" */;
			buildPhases = (
				F4F829081D80E29F005BC254 /* Sources */,
				F4F829091D80E29F005BC254 /* Frameworks */,
				F4F8290A1D80E29F005BC254 /* Resources */,
			);
			buildRules = (
			);
			dependencies = (
			);
			name = "i-rw-table";
			productName = "i-rw-table";
			productReference = F4F8290C1D80E29F005BC254 /* i-rw-table.app */;
			productType = "com.apple.product-type.application";
		};
		F4F8291F1D80E29F005BC254 /* i-rw-tableTests */ = {
			isa = PBXNativeTarget;
			buildConfigurationList = F4F829371D80E29F005BC254 /* Build configuration list for PBXNativeTarget "i-rw-tableTests" */;
			buildPhases = (
				F4F8291C1D80E29F005BC254 /* Sources */,
				F4F8291D1D80E29F005BC254 /* Frameworks */,
				F4F8291E1D80E29F005BC254 /* Resources */,
			);
			buildRules = (
			);
			dependencies = (
				F4F829221D80E29F005BC254 /* PBXTargetDependency */,
			);
			name = "i-rw-tableTests";
			productName = "i-rw-tableTests";
			productReference = F4F829201D80E29F005BC254 /* i-rw-tableTests.xctest */;
			productType = "com.apple.product-type.bundle.unit-test";
		};
		F4F8292A1D80E29F005BC254 /* i-rw-tableUITests */ = {
			isa = PBXNativeTarget;
			buildConfigurationList = F4F8293A1D80E29F005BC254 /* Build configuration list for PBXNativeTarget "i-rw-tableUITests" */;
			buildPhases = (
				F4F829271D80E29F005BC254 /* Sources */,
				F4F829281D80E29F005BC254 /* Frameworks */,
				F4F829291D80E29F005BC254 /* Resources */,
			);
			buildRules = (
			);
			dependencies = (
				F4F8292D1D80E29F005BC254 /* PBXTargetDependency */,
			);
			name = "i-rw-tableUITests";
			productName = "i-rw-tableUITests";
			productReference = F4F8292B1D80E29F005BC254 /* i-rw-tableUITests.xctest */;
			productType = "com.apple.product-type.bundle.ui-testing";
		};
/* End PBXNativeTarget section */

/* Begin PBXProject section */
		F4F829041D80E29F005BC254 /* Project object */ = {
			isa = PBXProject;
			attributes = {
				LastSwiftUpdateCheck = 0730;
				LastUpgradeCheck = 0730;
				ORGANIZATIONNAME = "Andres Kwan";
				TargetAttributes = {
					F4F8290B1D80E29F005BC254 = {
						CreatedOnToolsVersion = 7.3.1;
					};
					F4F8291F1D80E29F005BC254 = {
						CreatedOnToolsVersion = 7.3.1;
						TestTargetID = F4F8290B1D80E29F005BC254;
					};
					F4F8292A1D80E29F005BC254 = {
						CreatedOnToolsVersion = 7.3.1;
						TestTargetID = F4F8290B1D80E29F005BC254;
					};
				};
			};
			buildConfigurationList = F4F829071D80E29F005BC254 /* Build configuration list for PBXProject "i-rw-table" */;
			compatibilityVersion = "Xcode 3.2";
			developmentRegion = English;
			hasScannedForEncodings = 0;
			knownRegions = (
				en,
				Base,
			);
			mainGroup = F4F829031D80E29F005BC254;
			productRefGroup = F4F8290D1D80E29F005BC254 /* Products */;
			projectDirPath = "";
			projectRoot = "";
			targets = (
				F4F8290B1D80E29F005BC254 /* i-rw-table */,
				F4F8291F1D80E29F005BC254 /* i-rw-tableTests */,
				F4F8292A1D80E29F005BC254 /* i-rw-tableUITests */,
			);
		};
/* End PBXProject section */

/* Begin PBXResourcesBuildPhase section */
		F4F8290A1D80E29F005BC254 /* Resources */ = {
			isa = PBXResourcesBuildPhase;
			buildActionMask = 2147483647;
			files = (
				F4F829421D80E521005BC254 /* Model in Resources */,
				F4F829401D80E466005BC254 /* Images in Resources */,
				F4F8291A1D80E29F005BC254 /* LaunchScreen.storyboard in Resources */,
				F4F8293E1D80E408005BC254 /* Icons in Resources */,
				F4F829171D80E29F005BC254 /* Assets.xcassets in Resources */,
				F4F829151D80E29F005BC254 /* Main.storyboard in Resources */,
			);
			runOnlyForDeploymentPostprocessing = 0;
		};
		F4F8291E1D80E29F005BC254 /* Resources */ = {
			isa = PBXResourcesBuildPhase;
			buildActionMask = 2147483647;
			files = (
			);
			runOnlyForDeploymentPostprocessing = 0;
		};
		F4F829291D80E29F005BC254 /* Resources */ = {
			isa = PBXResourcesBuildPhase;
			buildActionMask = 2147483647;
			files = (
			);
			runOnlyForDeploymentPostprocessing = 0;
		};
/* End PBXResourcesBuildPhase section */

/* Begin PBXSourcesBuildPhase section */
		F4F829081D80E29F005BC254 /* Sources */ = {
			isa = PBXSourcesBuildPhase;
			buildActionMask = 2147483647;
			files = (
				F4F829121D80E29F005BC254 /* ViewController.swift in Sources */,
				F4F829101D80E29F005BC254 /* AppDelegate.swift in Sources */,
			);
			runOnlyForDeploymentPostprocessing = 0;
		};
		F4F8291C1D80E29F005BC254 /* Sources */ = {
			isa = PBXSourcesBuildPhase;
			buildActionMask = 2147483647;
			files = (
				F4F829251D80E29F005BC254 /* i_rw_tableTests.swift in Sources */,
			);
			runOnlyForDeploymentPostprocessing = 0;
		};
		F4F829271D80E29F005BC254 /* Sources */ = {
			isa = PBXSourcesBuildPhase;
			buildActionMask = 2147483647;
			files = (
				F4F829301D80E29F005BC254 /* i_rw_tableUITests.swift in Sources */,
			);
			runOnlyForDeploymentPostprocessing = 0;
		};
/* End PBXSourcesBuildPhase section */

/* Begin PBXTargetDependency section */
		F4F829221D80E29F005BC254 /* PBXTargetDependency */ = {
			isa = PBXTargetDependency;
			target = F4F8290B1D80E29F005BC254 /* i-rw-table */;
			targetProxy = F4F829211D80E29F005BC254 /* PBXContainerItemProxy */;
		};
		F4F8292D1D80E29F005BC254 /* PBXTargetDependency */ = {
			isa = PBXTargetDependency;
			target = F4F8290B1D80E29F005BC254 /* i-rw-table */;
			targetProxy = F4F8292C1D80E29F005BC254 /* PBXContainerItemProxy */;
		};
/* End PBXTargetDependency section */

/* Begin PBXVariantGroup section */
		F4F829131D80E29F005BC254 /* Main.storyboard */ = {
			isa = PBXVariantGroup;
			children = (
				F4F829141D80E29F005BC254 /* Base */,
			);
			name = Main.storyboard;
			sourceTree = "<group>";
		};
		F4F829181D80E29F005BC254 /* LaunchScreen.storyboard */ = {
			isa = PBXVariantGroup;
			children = (
				F4F829191D80E29F005BC254 /* Base */,
			);
			name = LaunchScreen.storyboard;
			sourceTree = "<group>";
		};
/* End PBXVariantGroup section */

/* Begin XCBuildConfiguration section */
		F4F829321D80E29F005BC254 /* Debug */ = {
			isa = XCBuildConfiguration;
			buildSettings = {
				ALWAYS_SEARCH_USER_PATHS = NO;
				CLANG_ANALYZER_NONNULL = YES;
				CLANG_CXX_LANGUAGE_STANDARD = "gnu++0x";
				CLANG_CXX_LIBRARY = "libc++";
				CLANG_ENABLE_MODULES = YES;
				CLANG_ENABLE_OBJC_ARC = YES;
				CLANG_WARN_BOOL_CONVERSION = YES;
				CLANG_WARN_CONSTANT_CONVERSION = YES;
				CLANG_WARN_DIRECT_OBJC_ISA_USAGE = YES_ERROR;
				CLANG_WARN_EMPTY_BODY = YES;
				CLANG_WARN_ENUM_CONVERSION = YES;
				CLANG_WARN_INT_CONVERSION = YES;
				CLANG_WARN_OBJC_ROOT_CLASS = YES_ERROR;
				CLANG_WARN_UNREACHABLE_CODE = YES;
				CLANG_WARN__DUPLICATE_METHOD_MATCH = YES;
				"CODE_SIGN_IDENTITY[sdk=iphoneos*]" = "iPhone Developer";
				COPY_PHASE_STRIP = NO;
				DEBUG_INFORMATION_FORMAT = dwarf;
				ENABLE_STRICT_OBJC_MSGSEND = YES;
				ENABLE_TESTABILITY = YES;
				GCC_C_LANGUAGE_STANDARD = gnu99;
				GCC_DYNAMIC_NO_PIC = NO;
				GCC_NO_COMMON_BLOCKS = YES;
				GCC_OPTIMIZATION_LEVEL = 0;
				GCC_PREPROCESSOR_DEFINITIONS = (
					"DEBUG=1",
					"$(inherited)",
				);
				GCC_WARN_64_TO_32_BIT_CONVERSION = YES;
				GCC_WARN_ABOUT_RETURN_TYPE = YES_ERROR;
				GCC_WARN_UNDECLARED_SELECTOR = YES;
				GCC_WARN_UNINITIALIZED_AUTOS = YES_AGGRESSIVE;
				GCC_WARN_UNUSED_FUNCTION = YES;
				GCC_WARN_UNUSED_VARIABLE = YES;
				IPHONEOS_DEPLOYMENT_TARGET = 9.3;
				MTL_ENABLE_DEBUG_INFO = YES;
				ONLY_ACTIVE_ARCH = YES;
				SDKROOT = iphoneos;
				SWIFT_OPTIMIZATION_LEVEL = "-Onone";
				TARGETED_DEVICE_FAMILY = "1,2";
			};
			name = Debug;
		};
		F4F829331D80E29F005BC254 /* Release */ = {
			isa = XCBuildConfiguration;
			buildSettings = {
				ALWAYS_SEARCH_USER_PATHS = NO;
				CLANG_ANALYZER_NONNULL = YES;
				CLANG_CXX_LANGUAGE_STANDARD = "gnu++0x";
				CLANG_CXX_LIBRARY = "libc++";
				CLANG_ENABLE_MODULES = YES;
				CLANG_ENABLE_OBJC_ARC = YES;
				CLANG_WARN_BOOL_CONVERSION = YES;
				CLANG_WARN_CONSTANT_CONVERSION = YES;
				CLANG_WARN_DIRECT_OBJC_ISA_USAGE = YES_ERROR;
				CLANG_WARN_EMPTY_BODY = YES;
				CLANG_WARN_ENUM_CONVERSION = YES;
				CLANG_WARN_INT_CONVERSION = YES;
				CLANG_WARN_OBJC_ROOT_CLASS = YES_ERROR;
				CLANG_WARN_UNREACHABLE_CODE = YES;
				CLANG_WARN__DUPLICATE_METHOD_MATCH = YES;
				"CODE_SIGN_IDENTITY[sdk=iphoneos*]" = "iPhone Developer";
				COPY_PHASE_STRIP = NO;
				DEBUG_INFORMATION_FORMAT = "dwarf-with-dsym";
				ENABLE_NS_ASSERTIONS = NO;
				ENABLE_STRICT_OBJC_MSGSEND = YES;
				GCC_C_LANGUAGE_STANDARD = gnu99;
				GCC_NO_COMMON_BLOCKS = YES;
				GCC_WARN_64_TO_32_BIT_CONVERSION = YES;
				GCC_WARN_ABOUT_RETURN_TYPE = YES_ERROR;
				GCC_WARN_UNDECLARED_SELECTOR = YES;
				GCC_WARN_UNINITIALIZED_AUTOS = YES_AGGRESSIVE;
				GCC_WARN_UNUSED_FUNCTION = YES;
				GCC_WARN_UNUSED_VARIABLE = YES;
				IPHONEOS_DEPLOYMENT_TARGET = 9.3;
				MTL_ENABLE_DEBUG_INFO = NO;
				SDKROOT = iphoneos;
				TARGETED_DEVICE_FAMILY = "1,2";
				VALIDATE_PRODUCT = YES;
			};
			name = Release;
		};
		F4F829351D80E29F005BC254 /* Debug */ = {
			isa = XCBuildConfiguration;
			buildSettings = {
				ASSETCATALOG_COMPILER_APPICON_NAME = AppIcon;
				INFOPLIST_FILE = "i-rw-table/Info.plist";
				LD_RUNPATH_SEARCH_PATHS = "$(inherited) @executable_path/Frameworks";
				PRODUCT_BUNDLE_IDENTIFIER = "kwan.orjuela.andres.com.i-rw-table";
				PRODUCT_NAME = "$(TARGET_NAME)";
			};
			name = Debug;
		};
		F4F829361D80E29F005BC254 /* Release */ = {
			isa = XCBuildConfiguration;
			buildSettings = {
				ASSETCATALOG_COMPILER_APPICON_NAME = AppIcon;
				INFOPLIST_FILE = "i-rw-table/Info.plist";
				LD_RUNPATH_SEARCH_PATHS = "$(inherited) @executable_path/Frameworks";
				PRODUCT_BUNDLE_IDENTIFIER = "kwan.orjuela.andres.com.i-rw-table";
				PRODUCT_NAME = "$(TARGET_NAME)";
			};
			name = Release;
		};
		F4F829381D80E29F005BC254 /* Debug */ = {
			isa = XCBuildConfiguration;
			buildSettings = {
				BUNDLE_LOADER = "$(TEST_HOST)";
				INFOPLIST_FILE = "i-rw-tableTests/Info.plist";
				LD_RUNPATH_SEARCH_PATHS = "$(inherited) @executable_path/Frameworks @loader_path/Frameworks";
				PRODUCT_BUNDLE_IDENTIFIER = "kwan.orjuela.andres.com.i-rw-tableTests";
				PRODUCT_NAME = "$(TARGET_NAME)";
				TEST_HOST = "$(BUILT_PRODUCTS_DIR)/i-rw-table.app/i-rw-table";
			};
			name = Debug;
		};
		F4F829391D80E29F005BC254 /* Release */ = {
			isa = XCBuildConfiguration;
			buildSettings = {
				BUNDLE_LOADER = "$(TEST_HOST)";
				INFOPLIST_FILE = "i-rw-tableTests/Info.plist";
				LD_RUNPATH_SEARCH_PATHS = "$(inherited) @executable_path/Frameworks @loader_path/Frameworks";
				PRODUCT_BUNDLE_IDENTIFIER = "kwan.orjuela.andres.com.i-rw-tableTests";
				PRODUCT_NAME = "$(TARGET_NAME)";
				TEST_HOST = "$(BUILT_PRODUCTS_DIR)/i-rw-table.app/i-rw-table";
			};
			name = Release;
		};
		F4F8293B1D80E29F005BC254 /* Debug */ = {
			isa = XCBuildConfiguration;
			buildSettings = {
				INFOPLIST_FILE = "i-rw-tableUITests/Info.plist";
				LD_RUNPATH_SEARCH_PATHS = "$(inherited) @executable_path/Frameworks @loader_path/Frameworks";
				PRODUCT_BUNDLE_IDENTIFIER = "kwan.orjuela.andres.com.i-rw-tableUITests";
				PRODUCT_NAME = "$(TARGET_NAME)";
				TEST_TARGET_NAME = "i-rw-table";
			};
			name = Debug;
		};
		F4F8293C1D80E29F005BC254 /* Release */ = {
			isa = XCBuildConfiguration;
			buildSettings = {
				INFOPLIST_FILE = "i-rw-tableUITests/Info.plist";
				LD_RUNPATH_SEARCH_PATHS = "$(inherited) @executable_path/Frameworks @loader_path/Frameworks";
				PRODUCT_BUNDLE_IDENTIFIER = "kwan.orjuela.andres.com.i-rw-tableUITests";
				PRODUCT_NAME = "$(TARGET_NAME)";
				TEST_TARGET_NAME = "i-rw-table";
			};
			name = Release;
		};
/* End XCBuildConfiguration section */

/* Begin XCConfigurationList section */
		F4F829071D80E29F005BC254 /* Build configuration list for PBXProject "i-rw-table" */ = {
			isa = XCConfigurationList;
			buildConfigurations = (
				F4F829321D80E29F005BC254 /* Debug */,
				F4F829331D80E29F005BC254 /* Release */,
			);
			defaultConfigurationIsVisible = 0;
			defaultConfigurationName = Release;
		};
		F4F829341D80E29F005BC254 /* Build configuration list for PBXNativeTarget "i-rw-table" */ = {
			isa = XCConfigurationList;
			buildConfigurations = (
				F4F829351D80E29F005BC254 /* Debug */,
				F4F829361D80E29F005BC254 /* Release */,
			);
			defaultConfigurationIsVisible = 0;
		};
		F4F829371D80E29F005BC254 /* Build configuration list for PBXNativeTarget "i-rw-tableTests" */ = {
			isa = XCConfigurationList;
			buildConfigurations = (
				F4F829381D80E29F005BC254 /* Debug */,
				F4F829391D80E29F005BC254 /* Release */,
			);
			defaultConfigurationIsVisible = 0;
		};
		F4F8293A1D80E29F005BC254 /* Build configuration list for PBXNativeTarget "i-rw-tableUITests" */ = {
			isa = XCConfigurationList;
			buildConfigurations = (
				F4F8293B1D80E29F005BC254 /* Debug */,
				F4F8293C1D80E29F005BC254 /* Release */,
			);
			defaultConfigurationIsVisible = 0;
		};
/* End XCConfigurationList section */
	};
	rootObject = F4F829041D80E29F005BC254 /* Project object */;
}
